<?xml version="1.0" encoding="utf-8"?>
<Project ToolsVersion="4.0" xmlns="http://schemas.microsoft.com/developer/msbuild/2003">
  <ItemGroup>
    <ClCompile Include="..\..\src\main.cpp" />
    <ClCompile Include="..\..\src\meshes.cpp" />
    <ClCompile Include="..\..\src\part.cpp" />
    <ClCompile Include="..\..\src\editor.cpp" />
    <ClCompile Include="..\..\src\particle.cpp" />
  </ItemGroup>
  <ItemGroup>
    <ClInclude Include="..\..\src\meshes.h" />
    <ClInclude Include="..\..\src\defines.h" />
    <ClInclude Include="..\..\src\part.h" />
    <ClInclude Include="..\..\src\editor.h" />
    <ClInclude Include="..\..\src\particle.h" />
    <ClInclude Include="..\..\src\secrets.h" />
  </ItemGroup>
  <ItemGroup>
    <None Include="..\..\assets\parts.csv" />
  </ItemGroup>
</Project>